
Microsoft Visual Studio Solution File, Format Version 12.00
# Visual Studio Version 16
VisualStudioVersion = 16.0.31005.135
MinimumVisualStudioVersion = 10.0.40219.1
Project("{9A19103F-16F7-4668-BE54-9A1E7A4F7556}") = "Im_A People_Person", "Im_A_People_Person\Im_A People_Person.csproj", "{86E7B981-51E7-4D71-BF65-E31354490D69}"
EndProject
Project("{FAE04EC0-301F-11D3-BF4B-00C04F79EFBC}") = "UnitTestProject1", "UnitTestProject1\UnitTestProject1.csproj", "{5249BBB9-027D-4F3E-832C-24BDE2CD0AE8}"
EndProject
Global
	GlobalSection(SolutionConfigurationPlatforms) = preSolution
		Debug|Any CPU = Debug|Any CPU
		Release|Any CPU = Release|Any CPU
	EndGlobalSection
	GlobalSection(ProjectConfigurationPlatforms) = postSolution
		{86E7B981-51E7-4D71-BF65-E31354490D69}.Debug|Any CPU.ActiveCfg = Debug|Any CPU
		{86E7B981-51E7-4D71-BF65-E31354490D69}.Debug|Any CPU.Build.0 = Debug|Any CPU
		{86E7B981-51E7-4D71-BF65-E31354490D69}.Release|Any CPU.ActiveCfg = Release|Any CPU
		{86E7B981-51E7-4D71-BF65-E31354490D69}.Release|Any CPU.Build.0 = Release|Any CPU
		{5249BBB9-027D-4F3E-832C-24BDE2CD0AE8}.Debug|Any CPU.ActiveCfg = Debug|Any CPU
		{5249BBB9-027D-4F3E-832C-24BDE2CD0AE8}.Debug|Any CPU.Build.0 = Debug|Any CPU
		{5249BBB9-027D-4F3E-832C-24BDE2CD0AE8}.Release|Any CPU.ActiveCfg = Release|Any CPU
		{5249BBB9-027D-4F3E-832C-24BDE2CD0AE8}.Release|Any CPU.Build.0 = Release|Any CPU
	EndGlobalSection
	GlobalSection(SolutionProperties) = preSolution
		HideSolutionNode = FALSE
	EndGlobalSection
	GlobalSection(ExtensibilityGlobals) = postSolution
		SolutionGuid = {76189DB6-A215-4098-A26A-1E7B46850451}
	EndGlobalSection
EndGlobal
