
Microsoft Visual Studio Solution File, Format Version 12.00
# Visual Studio Version 16
VisualStudioVersion = 16.0.31005.135
MinimumVisualStudioVersion = 10.0.40219.1
Project("{9A19103F-16F7-4668-BE54-9A1E7A4F7556}") = "MustangSally", "MustangSally\MustangSally.csproj", "{8F04CA8B-EB1F-49F0-9F0B-D5D3C0E1958C}"
EndProject
Project("{FAE04EC0-301F-11D3-BF4B-00C04F79EFBC}") = "UnitTestProject1", "UnitTestProject1\UnitTestProject1.csproj", "{B59BDAA6-699F-467E-835E-C61D898E4F2B}"
EndProject
Global
	GlobalSection(SolutionConfigurationPlatforms) = preSolution
		Debug|Any CPU = Debug|Any CPU
		Release|Any CPU = Release|Any CPU
	EndGlobalSection
	GlobalSection(ProjectConfigurationPlatforms) = postSolution
		{8F04CA8B-EB1F-49F0-9F0B-D5D3C0E1958C}.Debug|Any CPU.ActiveCfg = Debug|Any CPU
		{8F04CA8B-EB1F-49F0-9F0B-D5D3C0E1958C}.Debug|Any CPU.Build.0 = Debug|Any CPU
		{8F04CA8B-EB1F-49F0-9F0B-D5D3C0E1958C}.Release|Any CPU.ActiveCfg = Release|Any CPU
		{8F04CA8B-EB1F-49F0-9F0B-D5D3C0E1958C}.Release|Any CPU.Build.0 = Release|Any CPU
		{B59BDAA6-699F-467E-835E-C61D898E4F2B}.Debug|Any CPU.ActiveCfg = Debug|Any CPU
		{B59BDAA6-699F-467E-835E-C61D898E4F2B}.Debug|Any CPU.Build.0 = Debug|Any CPU
		{B59BDAA6-699F-467E-835E-C61D898E4F2B}.Release|Any CPU.ActiveCfg = Release|Any CPU
		{B59BDAA6-699F-467E-835E-C61D898E4F2B}.Release|Any CPU.Build.0 = Release|Any CPU
	EndGlobalSection
	GlobalSection(SolutionProperties) = preSolution
		HideSolutionNode = FALSE
	EndGlobalSection
	GlobalSection(ExtensibilityGlobals) = postSolution
		SolutionGuid = {8E956AA5-FFDC-4C59-8BB4-711209B5639A}
	EndGlobalSection
EndGlobal
