
Microsoft Visual Studio Solution File, Format Version 12.00
# Visual Studio Version 16
VisualStudioVersion = 16.0.31313.79
MinimumVisualStudioVersion = 10.0.40219.1
Project("{FAE04EC0-301F-11D3-BF4B-00C04F79EFBC}") = "Sweet Home Chicago", "Sweet Home Chicago\Sweet Home Chicago.csproj", "{2A4F6DFC-CADE-49F8-B783-D8C08E976752}"
EndProject
Project("{FAE04EC0-301F-11D3-BF4B-00C04F79EFBC}") = "TestProject1", "TestProject1\TestProject1.csproj", "{1888F972-EEF1-4DBB-95DA-B2FE0558024B}"
EndProject
Global
	GlobalSection(SolutionConfigurationPlatforms) = preSolution
		Debug|Any CPU = Debug|Any CPU
		Release|Any CPU = Release|Any CPU
	EndGlobalSection
	GlobalSection(ProjectConfigurationPlatforms) = postSolution
		{2A4F6DFC-CADE-49F8-B783-D8C08E976752}.Debug|Any CPU.ActiveCfg = Debug|Any CPU
		{2A4F6DFC-CADE-49F8-B783-D8C08E976752}.Debug|Any CPU.Build.0 = Debug|Any CPU
		{2A4F6DFC-CADE-49F8-B783-D8C08E976752}.Release|Any CPU.ActiveCfg = Release|Any CPU
		{2A4F6DFC-CADE-49F8-B783-D8C08E976752}.Release|Any CPU.Build.0 = Release|Any CPU
		{1888F972-EEF1-4DBB-95DA-B2FE0558024B}.Debug|Any CPU.ActiveCfg = Debug|Any CPU
		{1888F972-EEF1-4DBB-95DA-B2FE0558024B}.Debug|Any CPU.Build.0 = Debug|Any CPU
		{1888F972-EEF1-4DBB-95DA-B2FE0558024B}.Release|Any CPU.ActiveCfg = Release|Any CPU
		{1888F972-EEF1-4DBB-95DA-B2FE0558024B}.Release|Any CPU.Build.0 = Release|Any CPU
	EndGlobalSection
	GlobalSection(SolutionProperties) = preSolution
		HideSolutionNode = FALSE
	EndGlobalSection
	GlobalSection(ExtensibilityGlobals) = postSolution
		SolutionGuid = {0A095A8A-E95A-4CA5-B80A-80675A13CDEE}
	EndGlobalSection
EndGlobal
