
Microsoft Visual Studio Solution File, Format Version 12.00
# Visual Studio Version 16
VisualStudioVersion = 16.0.31313.79
MinimumVisualStudioVersion = 10.0.40219.1
Project("{FAE04EC0-301F-11D3-BF4B-00C04F79EFBC}") = "ApprenticeTechTest2021", "ApprenticeTechTest2021\ApprenticeTechTest2021.csproj", "{623C0A93-A80C-4DD9-8FFE-186352AE6096}"
EndProject
Project("{FAE04EC0-301F-11D3-BF4B-00C04F79EFBC}") = "TestProject1", "TestProject1\TestProject1.csproj", "{AEAC69FB-E5BD-4BEE-A0E5-9E57372211D6}"
EndProject
Global
	GlobalSection(SolutionConfigurationPlatforms) = preSolution
		Debug|Any CPU = Debug|Any CPU
		Release|Any CPU = Release|Any CPU
	EndGlobalSection
	GlobalSection(ProjectConfigurationPlatforms) = postSolution
		{623C0A93-A80C-4DD9-8FFE-186352AE6096}.Debug|Any CPU.ActiveCfg = Debug|Any CPU
		{623C0A93-A80C-4DD9-8FFE-186352AE6096}.Debug|Any CPU.Build.0 = Debug|Any CPU
		{623C0A93-A80C-4DD9-8FFE-186352AE6096}.Release|Any CPU.ActiveCfg = Release|Any CPU
		{623C0A93-A80C-4DD9-8FFE-186352AE6096}.Release|Any CPU.Build.0 = Release|Any CPU
		{AEAC69FB-E5BD-4BEE-A0E5-9E57372211D6}.Debug|Any CPU.ActiveCfg = Debug|Any CPU
		{AEAC69FB-E5BD-4BEE-A0E5-9E57372211D6}.Debug|Any CPU.Build.0 = Debug|Any CPU
		{AEAC69FB-E5BD-4BEE-A0E5-9E57372211D6}.Release|Any CPU.ActiveCfg = Release|Any CPU
		{AEAC69FB-E5BD-4BEE-A0E5-9E57372211D6}.Release|Any CPU.Build.0 = Release|Any CPU
	EndGlobalSection
	GlobalSection(SolutionProperties) = preSolution
		HideSolutionNode = FALSE
	EndGlobalSection
	GlobalSection(ExtensibilityGlobals) = postSolution
		SolutionGuid = {16FC3B0E-746A-41C8-9253-36EEC2E1ACCD}
	EndGlobalSection
EndGlobal
