
Microsoft Visual Studio Solution File, Format Version 12.00
# Visual Studio Version 16
VisualStudioVersion = 16.0.31005.135
MinimumVisualStudioVersion = 10.0.40219.1
Project("{FAE04EC0-301F-11D3-BF4B-00C04F79EFBC}") = "SomeRegularExercise", "SomeRegularExercise\SomeRegularExercise.csproj", "{36C231C5-C246-44B7-97F3-C21F954C79EA}"
EndProject
Global
	GlobalSection(SolutionConfigurationPlatforms) = preSolution
		Debug|Any CPU = Debug|Any CPU
		Release|Any CPU = Release|Any CPU
	EndGlobalSection
	GlobalSection(ProjectConfigurationPlatforms) = postSolution
		{36C231C5-C246-44B7-97F3-C21F954C79EA}.Debug|Any CPU.ActiveCfg = Debug|Any CPU
		{36C231C5-C246-44B7-97F3-C21F954C79EA}.Debug|Any CPU.Build.0 = Debug|Any CPU
		{36C231C5-C246-44B7-97F3-C21F954C79EA}.Release|Any CPU.ActiveCfg = Release|Any CPU
		{36C231C5-C246-44B7-97F3-C21F954C79EA}.Release|Any CPU.Build.0 = Release|Any CPU
	EndGlobalSection
	GlobalSection(SolutionProperties) = preSolution
		HideSolutionNode = FALSE
	EndGlobalSection
	GlobalSection(ExtensibilityGlobals) = postSolution
		SolutionGuid = {AC87E81A-82E5-48BD-BC4A-AACB6F0856A8}
	EndGlobalSection
EndGlobal
