
Microsoft Visual Studio Solution File, Format Version 12.00
# Visual Studio Version 16
VisualStudioVersion = 16.0.31005.135
MinimumVisualStudioVersion = 10.0.40219.1
Project("{FAE04EC0-301F-11D3-BF4B-00C04F79EFBC}") = "YouFeelingLuckyPunk", "YouFeelingLuckyPunk\YouFeelingLuckyPunk.csproj", "{5559724C-272E-493A-8E7B-9C8721D4B310}"
EndProject
Project("{FAE04EC0-301F-11D3-BF4B-00C04F79EFBC}") = "UnitTestProject1", "UnitTestProject1\UnitTestProject1.csproj", "{3C91B48D-6774-47F4-B5CC-AD50AE959795}"
EndProject
Global
	GlobalSection(SolutionConfigurationPlatforms) = preSolution
		Debug|Any CPU = Debug|Any CPU
		Release|Any CPU = Release|Any CPU
	EndGlobalSection
	GlobalSection(ProjectConfigurationPlatforms) = postSolution
		{5559724C-272E-493A-8E7B-9C8721D4B310}.Debug|Any CPU.ActiveCfg = Debug|Any CPU
		{5559724C-272E-493A-8E7B-9C8721D4B310}.Debug|Any CPU.Build.0 = Debug|Any CPU
		{5559724C-272E-493A-8E7B-9C8721D4B310}.Release|Any CPU.ActiveCfg = Release|Any CPU
		{5559724C-272E-493A-8E7B-9C8721D4B310}.Release|Any CPU.Build.0 = Release|Any CPU
		{3C91B48D-6774-47F4-B5CC-AD50AE959795}.Debug|Any CPU.ActiveCfg = Debug|Any CPU
		{3C91B48D-6774-47F4-B5CC-AD50AE959795}.Debug|Any CPU.Build.0 = Debug|Any CPU
		{3C91B48D-6774-47F4-B5CC-AD50AE959795}.Release|Any CPU.ActiveCfg = Release|Any CPU
		{3C91B48D-6774-47F4-B5CC-AD50AE959795}.Release|Any CPU.Build.0 = Release|Any CPU
	EndGlobalSection
	GlobalSection(SolutionProperties) = preSolution
		HideSolutionNode = FALSE
	EndGlobalSection
	GlobalSection(ExtensibilityGlobals) = postSolution
		SolutionGuid = {886831C5-B271-4EB7-A67F-151BB2483AA0}
	EndGlobalSection
EndGlobal
