
Microsoft Visual Studio Solution File, Format Version 12.00
# Visual Studio Version 16
VisualStudioVersion = 16.0.31313.79
MinimumVisualStudioVersion = 10.0.40219.1
Project("{FAE04EC0-301F-11D3-BF4B-00C04F79EFBC}") = "A Premier Challenge", "A Premier Challenge\A Premier Challenge.csproj", "{65120263-9D99-40BC-82DC-1293F40BF89B}"
EndProject
Project("{FAE04EC0-301F-11D3-BF4B-00C04F79EFBC}") = "TestProject1", "TestProject1\TestProject1.csproj", "{23B4E811-5131-4164-BEA2-9BBD84F1A159}"
EndProject
Global
	GlobalSection(SolutionConfigurationPlatforms) = preSolution
		Debug|Any CPU = Debug|Any CPU
		Release|Any CPU = Release|Any CPU
	EndGlobalSection
	GlobalSection(ProjectConfigurationPlatforms) = postSolution
		{65120263-9D99-40BC-82DC-1293F40BF89B}.Debug|Any CPU.ActiveCfg = Debug|Any CPU
		{65120263-9D99-40BC-82DC-1293F40BF89B}.Debug|Any CPU.Build.0 = Debug|Any CPU
		{65120263-9D99-40BC-82DC-1293F40BF89B}.Release|Any CPU.ActiveCfg = Release|Any CPU
		{65120263-9D99-40BC-82DC-1293F40BF89B}.Release|Any CPU.Build.0 = Release|Any CPU
		{23B4E811-5131-4164-BEA2-9BBD84F1A159}.Debug|Any CPU.ActiveCfg = Debug|Any CPU
		{23B4E811-5131-4164-BEA2-9BBD84F1A159}.Debug|Any CPU.Build.0 = Debug|Any CPU
		{23B4E811-5131-4164-BEA2-9BBD84F1A159}.Release|Any CPU.ActiveCfg = Release|Any CPU
		{23B4E811-5131-4164-BEA2-9BBD84F1A159}.Release|Any CPU.Build.0 = Release|Any CPU
	EndGlobalSection
	GlobalSection(SolutionProperties) = preSolution
		HideSolutionNode = FALSE
	EndGlobalSection
	GlobalSection(ExtensibilityGlobals) = postSolution
		SolutionGuid = {D27F6BAD-1883-422F-83F4-5D2BA6EDB4BB}
	EndGlobalSection
EndGlobal
